<?xml version="1.0" encoding="utf-8"?>
<Project ToolsVersion="4.0" xmlns="http://schemas.microsoft.com/developer/msbuild/2003">
  <ItemGroup>
    <CudaCompile Include="main.cu" />
  </ItemGroup>
  <ItemGroup>
    <Filter Include="unit">
      <UniqueIdentifier>{40a90601-6c67-432f-9be0-0861ede17921}</UniqueIdentifier>
    </Filter>
  </ItemGroup>
  <ItemGroup>
    <ClInclude Include="unit\munit.h">
      <Filter>unit</Filter>
    </ClInclude>
    <ClInclude Include="ycocgp.cuh" />
  </ItemGroup>
  <ItemGroup>
    <ClCompile Include="unit\munit.c">
      <Filter>unit</Filter>
    </ClCompile>
    <ClCompile Include="type_def.h" />
    <ClCompile Include="rgb.cu" />
  </ItemGroup>
</Project>